
Microsoft Visual Studio Solution File, Format Version 12.00
# Visual Studio 15
VisualStudioVersion = 15.0.26730.16
MinimumVisualStudioVersion = 10.0.40219.1
Project("{FAE04EC0-301F-11D3-BF4B-00C04F79EFBC}") = "Classes.DataTypes.DynamicArray", "Classes.DataTypes.DynamicArray\Classes.DataTypes.DynamicArray.csproj", "{01C89C36-134F-49BE-8A38-F4A95A89CEB3}"
EndProject
Global
	GlobalSection(SolutionConfigurationPlatforms) = preSolution
		Debug|Any CPU = Debug|Any CPU
		Release|Any CPU = Release|Any CPU
	EndGlobalSection
	GlobalSection(ProjectConfigurationPlatforms) = postSolution
		{01C89C36-134F-49BE-8A38-F4A95A89CEB3}.Debug|Any CPU.ActiveCfg = Debug|Any CPU
		{01C89C36-134F-49BE-8A38-F4A95A89CEB3}.Debug|Any CPU.Build.0 = Debug|Any CPU
		{01C89C36-134F-49BE-8A38-F4A95A89CEB3}.Release|Any CPU.ActiveCfg = Release|Any CPU
		{01C89C36-134F-49BE-8A38-F4A95A89CEB3}.Release|Any CPU.Build.0 = Release|Any CPU
	EndGlobalSection
	GlobalSection(SolutionProperties) = preSolution
		HideSolutionNode = FALSE
	EndGlobalSection
	GlobalSection(ExtensibilityGlobals) = postSolution
		SolutionGuid = {72ADFDEB-817B-4842-88B4-8D13F6B0F6D4}
	EndGlobalSection
EndGlobal
